
Microsoft Visual Studio Solution File, Format Version 12.00
# Visual Studio 15
VisualStudioVersion = 15.0.26228.10
MinimumVisualStudioVersion = 10.0.40219.1
Project("{FAE04EC0-301F-11D3-BF4B-00C04F79EFBC}") = "0_Install", "Install\0_Install.csproj", "{6E8F8B45-2A2D-4E5A-8573-3559337E68F3}"
	ProjectSection(ProjectDependencies) = postProject
		{692C4BF6-DA36-41EE-A587-3F29BBF7941A} = {692C4BF6-DA36-41EE-A587-3F29BBF7941A}
	EndProjectSection
EndProject
Project("{FAE04EC0-301F-11D3-BF4B-00C04F79EFBC}") = "1_Plugin", "Plugin\1_Plugin.csproj", "{692C4BF6-DA36-41EE-A587-3F29BBF7941A}"
EndProject
Project("{FAE04EC0-301F-11D3-BF4B-00C04F79EFBC}") = "2_Osu2Invaxion", "Osu2Invaxion\2_Osu2Invaxion.csproj", "{4A0C1FBD-9483-48FE-BCE5-8523F30FF800}"
EndProject
Project("{FAE04EC0-301F-11D3-BF4B-00C04F79EFBC}") = "3_FillAudio", "FillAudio\3_FillAudio.csproj", "{DB0AA8B7-B13B-422D-8A4E-F37F86E7AD9F}"
EndProject
Global
	GlobalSection(SolutionConfigurationPlatforms) = preSolution
		Debug|Any CPU = Debug|Any CPU
		Debug|x64 = Debug|x64
		Debug|x86 = Debug|x86
		Release|Any CPU = Release|Any CPU
		Release|x64 = Release|x64
		Release|x86 = Release|x86
	EndGlobalSection
	GlobalSection(ProjectConfigurationPlatforms) = postSolution
		{6E8F8B45-2A2D-4E5A-8573-3559337E68F3}.Debug|Any CPU.ActiveCfg = Debug|Any CPU
		{6E8F8B45-2A2D-4E5A-8573-3559337E68F3}.Debug|Any CPU.Build.0 = Debug|Any CPU
		{6E8F8B45-2A2D-4E5A-8573-3559337E68F3}.Debug|x64.ActiveCfg = Debug|Any CPU
		{6E8F8B45-2A2D-4E5A-8573-3559337E68F3}.Debug|x64.Build.0 = Debug|Any CPU
		{6E8F8B45-2A2D-4E5A-8573-3559337E68F3}.Debug|x86.ActiveCfg = Debug|Any CPU
		{6E8F8B45-2A2D-4E5A-8573-3559337E68F3}.Debug|x86.Build.0 = Debug|Any CPU
		{6E8F8B45-2A2D-4E5A-8573-3559337E68F3}.Release|Any CPU.ActiveCfg = Release|Any CPU
		{6E8F8B45-2A2D-4E5A-8573-3559337E68F3}.Release|Any CPU.Build.0 = Release|Any CPU
		{6E8F8B45-2A2D-4E5A-8573-3559337E68F3}.Release|x64.ActiveCfg = Release|Any CPU
		{6E8F8B45-2A2D-4E5A-8573-3559337E68F3}.Release|x64.Build.0 = Release|Any CPU
		{6E8F8B45-2A2D-4E5A-8573-3559337E68F3}.Release|x86.ActiveCfg = Release|Any CPU
		{6E8F8B45-2A2D-4E5A-8573-3559337E68F3}.Release|x86.Build.0 = Release|Any CPU
		{692C4BF6-DA36-41EE-A587-3F29BBF7941A}.Debug|Any CPU.ActiveCfg = Debug|Any CPU
		{692C4BF6-DA36-41EE-A587-3F29BBF7941A}.Debug|Any CPU.Build.0 = Debug|Any CPU
		{692C4BF6-DA36-41EE-A587-3F29BBF7941A}.Debug|x64.ActiveCfg = Debug|Any CPU
		{692C4BF6-DA36-41EE-A587-3F29BBF7941A}.Debug|x64.Build.0 = Debug|Any CPU
		{692C4BF6-DA36-41EE-A587-3F29BBF7941A}.Debug|x86.ActiveCfg = Debug|Any CPU
		{692C4BF6-DA36-41EE-A587-3F29BBF7941A}.Debug|x86.Build.0 = Debug|Any CPU
		{692C4BF6-DA36-41EE-A587-3F29BBF7941A}.Release|Any CPU.ActiveCfg = Release|Any CPU
		{692C4BF6-DA36-41EE-A587-3F29BBF7941A}.Release|Any CPU.Build.0 = Release|Any CPU
		{692C4BF6-DA36-41EE-A587-3F29BBF7941A}.Release|x64.ActiveCfg = Release|Any CPU
		{692C4BF6-DA36-41EE-A587-3F29BBF7941A}.Release|x64.Build.0 = Release|Any CPU
		{692C4BF6-DA36-41EE-A587-3F29BBF7941A}.Release|x86.ActiveCfg = Release|Any CPU
		{692C4BF6-DA36-41EE-A587-3F29BBF7941A}.Release|x86.Build.0 = Release|Any CPU
		{4A0C1FBD-9483-48FE-BCE5-8523F30FF800}.Debug|Any CPU.ActiveCfg = Debug|Any CPU
		{4A0C1FBD-9483-48FE-BCE5-8523F30FF800}.Debug|Any CPU.Build.0 = Debug|Any CPU
		{4A0C1FBD-9483-48FE-BCE5-8523F30FF800}.Debug|x64.ActiveCfg = Debug|Any CPU
		{4A0C1FBD-9483-48FE-BCE5-8523F30FF800}.Debug|x64.Build.0 = Debug|Any CPU
		{4A0C1FBD-9483-48FE-BCE5-8523F30FF800}.Debug|x86.ActiveCfg = Debug|Any CPU
		{4A0C1FBD-9483-48FE-BCE5-8523F30FF800}.Debug|x86.Build.0 = Debug|Any CPU
		{4A0C1FBD-9483-48FE-BCE5-8523F30FF800}.Release|Any CPU.ActiveCfg = Release|Any CPU
		{4A0C1FBD-9483-48FE-BCE5-8523F30FF800}.Release|Any CPU.Build.0 = Release|Any CPU
		{4A0C1FBD-9483-48FE-BCE5-8523F30FF800}.Release|x64.ActiveCfg = Release|Any CPU
		{4A0C1FBD-9483-48FE-BCE5-8523F30FF800}.Release|x64.Build.0 = Release|Any CPU
		{4A0C1FBD-9483-48FE-BCE5-8523F30FF800}.Release|x86.ActiveCfg = Release|Any CPU
		{4A0C1FBD-9483-48FE-BCE5-8523F30FF800}.Release|x86.Build.0 = Release|Any CPU
		{DB0AA8B7-B13B-422D-8A4E-F37F86E7AD9F}.Debug|Any CPU.ActiveCfg = Debug|Any CPU
		{DB0AA8B7-B13B-422D-8A4E-F37F86E7AD9F}.Debug|Any CPU.Build.0 = Debug|Any CPU
		{DB0AA8B7-B13B-422D-8A4E-F37F86E7AD9F}.Debug|x64.ActiveCfg = Debug|Any CPU
		{DB0AA8B7-B13B-422D-8A4E-F37F86E7AD9F}.Debug|x64.Build.0 = Debug|Any CPU
		{DB0AA8B7-B13B-422D-8A4E-F37F86E7AD9F}.Debug|x86.ActiveCfg = Debug|Any CPU
		{DB0AA8B7-B13B-422D-8A4E-F37F86E7AD9F}.Debug|x86.Build.0 = Debug|Any CPU
		{DB0AA8B7-B13B-422D-8A4E-F37F86E7AD9F}.Release|Any CPU.ActiveCfg = Release|Any CPU
		{DB0AA8B7-B13B-422D-8A4E-F37F86E7AD9F}.Release|Any CPU.Build.0 = Release|Any CPU
		{DB0AA8B7-B13B-422D-8A4E-F37F86E7AD9F}.Release|x64.ActiveCfg = Release|Any CPU
		{DB0AA8B7-B13B-422D-8A4E-F37F86E7AD9F}.Release|x64.Build.0 = Release|Any CPU
		{DB0AA8B7-B13B-422D-8A4E-F37F86E7AD9F}.Release|x86.ActiveCfg = Release|Any CPU
		{DB0AA8B7-B13B-422D-8A4E-F37F86E7AD9F}.Release|x86.Build.0 = Release|Any CPU
	EndGlobalSection
	GlobalSection(SolutionProperties) = preSolution
		HideSolutionNode = FALSE
	EndGlobalSection
	GlobalSection(ExtensibilityGlobals) = postSolution
		SolutionGuid = {AEE87D24-648A-4CE9-BAB5-5C52B19FAC49}
	EndGlobalSection
EndGlobal
